
Microsoft Visual Studio Solution File, Format Version 12.00
# Visual Studio 15
VisualStudioVersion = 15.0.27703.2035
MinimumVisualStudioVersion = 10.0.40219.1
Project("{FAE04EC0-301F-11D3-BF4B-00C04F79EFBC}") = "LearningModifierOutV1.0.0", "LearningModifierOutV1.0.0\LearningModifierOutV1.0.0.csproj", "{32D87570-9064-4CBB-8140-22E0A899E68D}"
EndProject
Global
	GlobalSection(SolutionConfigurationPlatforms) = preSolution
		Debug|Any CPU = Debug|Any CPU
		Release|Any CPU = Release|Any CPU
	EndGlobalSection
	GlobalSection(ProjectConfigurationPlatforms) = postSolution
		{32D87570-9064-4CBB-8140-22E0A899E68D}.Debug|Any CPU.ActiveCfg = Debug|Any CPU
		{32D87570-9064-4CBB-8140-22E0A899E68D}.Debug|Any CPU.Build.0 = Debug|Any CPU
		{32D87570-9064-4CBB-8140-22E0A899E68D}.Release|Any CPU.ActiveCfg = Release|Any CPU
		{32D87570-9064-4CBB-8140-22E0A899E68D}.Release|Any CPU.Build.0 = Release|Any CPU
	EndGlobalSection
	GlobalSection(SolutionProperties) = preSolution
		HideSolutionNode = FALSE
	EndGlobalSection
	GlobalSection(ExtensibilityGlobals) = postSolution
		SolutionGuid = {60B5832E-4A64-41FD-9EEA-AF4A81C22886}
	EndGlobalSection
EndGlobal
